
Microsoft Visual Studio Solution File, Format Version 12.00
# Visual Studio Version 17
VisualStudioVersion = 17.9.34714.143
MinimumVisualStudioVersion = 10.0.40219.1
Project("{FAE04EC0-301F-11D3-BF4B-00C04F79EFBC}") = "01 - Types and Variables", "01 - Types and Variables\01 - Types and Variables.csproj", "{AE5331A4-C7A2-46D4-8C14-8E96F805C97C}"
EndProject
Project("{FAE04EC0-301F-11D3-BF4B-00C04F79EFBC}") = "02 - Conditionals", "02 - Conditionals\02 - Conditionals.csproj", "{AD9CC922-4FB8-43B7-83B5-A0B9DEF4B1D8}"
EndProject
Project("{FAE04EC0-301F-11D3-BF4B-00C04F79EFBC}") = "03 - Methods", "03 - Methods\03 - Methods.csproj", "{BC63AAF7-9DC3-4217-856D-10A991BF0624}"
EndProject
Project("{FAE04EC0-301F-11D3-BF4B-00C04F79EFBC}") = "04 - Arrays", "04 - Arrays\04 - Arrays.csproj", "{EAE7B883-27F1-4112-B5C5-9A7A5C0F67BC}"
EndProject
Project("{FAE04EC0-301F-11D3-BF4B-00C04F79EFBC}") = "05 - Loops", "05 - Loops\05 - Loops.csproj", "{40FA2B7C-E929-44C4-A0DA-0B717F5D8392}"
EndProject
Project("{FAE04EC0-301F-11D3-BF4B-00C04F79EFBC}") = "06 - Strings", "06 - Strings\06 - Strings.csproj", "{DFA1666C-61F2-41B8-9ED9-DBF6BA4EE325}"
EndProject
Project("{FAE04EC0-301F-11D3-BF4B-00C04F79EFBC}") = "07 - Classes", "07 - Classes\07 - Classes.csproj", "{6BF77E99-8D0E-4573-A785-9E81968E31DA}"
EndProject
Project("{FAE04EC0-301F-11D3-BF4B-00C04F79EFBC}") = "08 - Demo1 - CheckersBoard", "08 - Demo1 - FormsAppDamaTahtasi\08 - Demo1 - CheckersBoard.csproj", "{1E60EBC0-F189-4B78-AA1F-7D6B7EEC146D}"
EndProject
Project("{FAE04EC0-301F-11D3-BF4B-00C04F79EFBC}") = "09 - Interfaces", "09 - Interfaces\09 - Interfaces.csproj", "{864F51FA-5609-41B1-A6DC-B6CC269B6269}"
EndProject
Project("{FAE04EC0-301F-11D3-BF4B-00C04F79EFBC}") = "10 - Demo2 - Interfaces", "10 - Demo2 - Interfaces\10 - Demo2 - Interfaces.csproj", "{280F515D-0322-4CDA-8539-B0F645E5B29E}"
EndProject
Project("{FAE04EC0-301F-11D3-BF4B-00C04F79EFBC}") = "11 - Inheritance", "11 - Inheritance\11 - Inheritance.csproj", "{C1B3BDFC-3CF0-4DA0-800E-7D06B24C03D9}"
EndProject
Project("{FAE04EC0-301F-11D3-BF4B-00C04F79EFBC}") = "12 - VirtualMerhods", "12 - VirtualMerhods\12 - VirtualMerhods.csproj", "{1C66E7CD-16C4-4726-BF7B-C6598BD912F6}"
EndProject
Project("{FAE04EC0-301F-11D3-BF4B-00C04F79EFBC}") = "13 - AbstractClasses", "13 - AbstractClasses\13 - AbstractClasses.csproj", "{13ECF8A3-5C81-4C6E-B718-B539BAAB42BC}"
EndProject
Project("{FAE04EC0-301F-11D3-BF4B-00C04F79EFBC}") = "14 - Demo3", "14 - Demo3\14 - Demo3.csproj", "{E5698FD1-3C2D-44E6-9D27-7946F431D0B1}"
EndProject
Project("{FAE04EC0-301F-11D3-BF4B-00C04F79EFBC}") = "15 - AccessModifiers", "15 - AccessModifiers\15 - AccessModifiers.csproj", "{F34D589D-F687-4FE0-A03A-751C63542FD4}"
EndProject
Project("{FAE04EC0-301F-11D3-BF4B-00C04F79EFBC}") = "16 - Constructors", "16 - Constructors\16 - Constructors.csproj", "{3B70992C-5AE0-4DDA-9428-BD15A35066B6}"
EndProject
Project("{FAE04EC0-301F-11D3-BF4B-00C04F79EFBC}") = "17 - ReferenceAndValueType", "17 - ReferenceAndValueType\17 - ReferenceAndValueType.csproj", "{7CD8C952-FBB3-463A-8CE6-A9A9219AD25F}"
EndProject
Project("{FAE04EC0-301F-11D3-BF4B-00C04F79EFBC}") = "18 - Collections", "18 - Collections\18 - Collections.csproj", "{EC55FCA2-E1B6-42EF-839E-BE74F5B51CE6}"
EndProject
Project("{FAE04EC0-301F-11D3-BF4B-00C04F79EFBC}") = "19 - Exceptions", "19 - Exceptions\19 - Exceptions.csproj", "{606F433B-46E7-421B-BB13-C2029A40EFAB}"
EndProject
Project("{FAE04EC0-301F-11D3-BF4B-00C04F79EFBC}") = "20 - Demo3 - AdoNet", "20 - Demo3 - AdoNet\20 - Demo3 - AdoNet.csproj", "{7ECBE055-90D3-4003-9E81-9AB64297FD7A}"
EndProject
Project("{FAE04EC0-301F-11D3-BF4B-00C04F79EFBC}") = "21 - Demo4 - EntityFrameWork", "21 - Demo4 - EntityFrameWork\21 - Demo4 - EntityFrameWork.csproj", "{0FC586B0-68F9-4BD5-B1B7-0E9B6145010D}"
EndProject
Project("{FAE04EC0-301F-11D3-BF4B-00C04F79EFBC}") = "22 - Generics", "22 - Generics\22 - Generics.csproj", "{47666621-CADC-4A47-AC18-4FAE49C6DCE1}"
EndProject
Project("{FAE04EC0-301F-11D3-BF4B-00C04F79EFBC}") = "23 - Attributes", "23 - Attributes\23 - Attributes.csproj", "{6EFE3E91-358D-481A-BA2E-F89218971A1C}"
EndProject
Project("{FAE04EC0-301F-11D3-BF4B-00C04F79EFBC}") = "24 - Reflection", "24 - Reflection\24 - Reflection.csproj", "{ED359D9B-15D9-4AD0-A872-8707CA53BDFD}"
EndProject
Project("{FAE04EC0-301F-11D3-BF4B-00C04F79EFBC}") = "25 - Delegates", "25 - Delegates\25 - Delegates.csproj", "{5708222B-1984-4CC6-A52D-CD675B07A241}"
EndProject
Project("{FAE04EC0-301F-11D3-BF4B-00C04F79EFBC}") = "26 - Action and Func", "26 - Action and Func\26 - Action and Func.csproj", "{79BA0702-FDEA-4948-8317-65AFFE54FCEF}"
EndProject
Global
	GlobalSection(SolutionConfigurationPlatforms) = preSolution
		Debug|Any CPU = Debug|Any CPU
		Release|Any CPU = Release|Any CPU
	EndGlobalSection
	GlobalSection(ProjectConfigurationPlatforms) = postSolution
		{AE5331A4-C7A2-46D4-8C14-8E96F805C97C}.Debug|Any CPU.ActiveCfg = Debug|Any CPU
		{AE5331A4-C7A2-46D4-8C14-8E96F805C97C}.Debug|Any CPU.Build.0 = Debug|Any CPU
		{AE5331A4-C7A2-46D4-8C14-8E96F805C97C}.Release|Any CPU.ActiveCfg = Release|Any CPU
		{AE5331A4-C7A2-46D4-8C14-8E96F805C97C}.Release|Any CPU.Build.0 = Release|Any CPU
		{AD9CC922-4FB8-43B7-83B5-A0B9DEF4B1D8}.Debug|Any CPU.ActiveCfg = Debug|Any CPU
		{AD9CC922-4FB8-43B7-83B5-A0B9DEF4B1D8}.Debug|Any CPU.Build.0 = Debug|Any CPU
		{AD9CC922-4FB8-43B7-83B5-A0B9DEF4B1D8}.Release|Any CPU.ActiveCfg = Release|Any CPU
		{AD9CC922-4FB8-43B7-83B5-A0B9DEF4B1D8}.Release|Any CPU.Build.0 = Release|Any CPU
		{BC63AAF7-9DC3-4217-856D-10A991BF0624}.Debug|Any CPU.ActiveCfg = Debug|Any CPU
		{BC63AAF7-9DC3-4217-856D-10A991BF0624}.Debug|Any CPU.Build.0 = Debug|Any CPU
		{BC63AAF7-9DC3-4217-856D-10A991BF0624}.Release|Any CPU.ActiveCfg = Release|Any CPU
		{BC63AAF7-9DC3-4217-856D-10A991BF0624}.Release|Any CPU.Build.0 = Release|Any CPU
		{EAE7B883-27F1-4112-B5C5-9A7A5C0F67BC}.Debug|Any CPU.ActiveCfg = Debug|Any CPU
		{EAE7B883-27F1-4112-B5C5-9A7A5C0F67BC}.Debug|Any CPU.Build.0 = Debug|Any CPU
		{EAE7B883-27F1-4112-B5C5-9A7A5C0F67BC}.Release|Any CPU.ActiveCfg = Release|Any CPU
		{EAE7B883-27F1-4112-B5C5-9A7A5C0F67BC}.Release|Any CPU.Build.0 = Release|Any CPU
		{40FA2B7C-E929-44C4-A0DA-0B717F5D8392}.Debug|Any CPU.ActiveCfg = Debug|Any CPU
		{40FA2B7C-E929-44C4-A0DA-0B717F5D8392}.Debug|Any CPU.Build.0 = Debug|Any CPU
		{40FA2B7C-E929-44C4-A0DA-0B717F5D8392}.Release|Any CPU.ActiveCfg = Release|Any CPU
		{40FA2B7C-E929-44C4-A0DA-0B717F5D8392}.Release|Any CPU.Build.0 = Release|Any CPU
		{DFA1666C-61F2-41B8-9ED9-DBF6BA4EE325}.Debug|Any CPU.ActiveCfg = Debug|Any CPU
		{DFA1666C-61F2-41B8-9ED9-DBF6BA4EE325}.Debug|Any CPU.Build.0 = Debug|Any CPU
		{DFA1666C-61F2-41B8-9ED9-DBF6BA4EE325}.Release|Any CPU.ActiveCfg = Release|Any CPU
		{DFA1666C-61F2-41B8-9ED9-DBF6BA4EE325}.Release|Any CPU.Build.0 = Release|Any CPU
		{6BF77E99-8D0E-4573-A785-9E81968E31DA}.Debug|Any CPU.ActiveCfg = Debug|Any CPU
		{6BF77E99-8D0E-4573-A785-9E81968E31DA}.Debug|Any CPU.Build.0 = Debug|Any CPU
		{6BF77E99-8D0E-4573-A785-9E81968E31DA}.Release|Any CPU.ActiveCfg = Release|Any CPU
		{6BF77E99-8D0E-4573-A785-9E81968E31DA}.Release|Any CPU.Build.0 = Release|Any CPU
		{1E60EBC0-F189-4B78-AA1F-7D6B7EEC146D}.Debug|Any CPU.ActiveCfg = Debug|Any CPU
		{1E60EBC0-F189-4B78-AA1F-7D6B7EEC146D}.Debug|Any CPU.Build.0 = Debug|Any CPU
		{1E60EBC0-F189-4B78-AA1F-7D6B7EEC146D}.Release|Any CPU.ActiveCfg = Release|Any CPU
		{1E60EBC0-F189-4B78-AA1F-7D6B7EEC146D}.Release|Any CPU.Build.0 = Release|Any CPU
		{864F51FA-5609-41B1-A6DC-B6CC269B6269}.Debug|Any CPU.ActiveCfg = Debug|Any CPU
		{864F51FA-5609-41B1-A6DC-B6CC269B6269}.Debug|Any CPU.Build.0 = Debug|Any CPU
		{864F51FA-5609-41B1-A6DC-B6CC269B6269}.Release|Any CPU.ActiveCfg = Release|Any CPU
		{864F51FA-5609-41B1-A6DC-B6CC269B6269}.Release|Any CPU.Build.0 = Release|Any CPU
		{280F515D-0322-4CDA-8539-B0F645E5B29E}.Debug|Any CPU.ActiveCfg = Debug|Any CPU
		{280F515D-0322-4CDA-8539-B0F645E5B29E}.Debug|Any CPU.Build.0 = Debug|Any CPU
		{280F515D-0322-4CDA-8539-B0F645E5B29E}.Release|Any CPU.ActiveCfg = Release|Any CPU
		{280F515D-0322-4CDA-8539-B0F645E5B29E}.Release|Any CPU.Build.0 = Release|Any CPU
		{C1B3BDFC-3CF0-4DA0-800E-7D06B24C03D9}.Debug|Any CPU.ActiveCfg = Debug|Any CPU
		{C1B3BDFC-3CF0-4DA0-800E-7D06B24C03D9}.Debug|Any CPU.Build.0 = Debug|Any CPU
		{C1B3BDFC-3CF0-4DA0-800E-7D06B24C03D9}.Release|Any CPU.ActiveCfg = Release|Any CPU
		{C1B3BDFC-3CF0-4DA0-800E-7D06B24C03D9}.Release|Any CPU.Build.0 = Release|Any CPU
		{1C66E7CD-16C4-4726-BF7B-C6598BD912F6}.Debug|Any CPU.ActiveCfg = Debug|Any CPU
		{1C66E7CD-16C4-4726-BF7B-C6598BD912F6}.Debug|Any CPU.Build.0 = Debug|Any CPU
		{1C66E7CD-16C4-4726-BF7B-C6598BD912F6}.Release|Any CPU.ActiveCfg = Release|Any CPU
		{1C66E7CD-16C4-4726-BF7B-C6598BD912F6}.Release|Any CPU.Build.0 = Release|Any CPU
		{13ECF8A3-5C81-4C6E-B718-B539BAAB42BC}.Debug|Any CPU.ActiveCfg = Debug|Any CPU
		{13ECF8A3-5C81-4C6E-B718-B539BAAB42BC}.Debug|Any CPU.Build.0 = Debug|Any CPU
		{13ECF8A3-5C81-4C6E-B718-B539BAAB42BC}.Release|Any CPU.ActiveCfg = Release|Any CPU
		{13ECF8A3-5C81-4C6E-B718-B539BAAB42BC}.Release|Any CPU.Build.0 = Release|Any CPU
		{E5698FD1-3C2D-44E6-9D27-7946F431D0B1}.Debug|Any CPU.ActiveCfg = Debug|Any CPU
		{E5698FD1-3C2D-44E6-9D27-7946F431D0B1}.Debug|Any CPU.Build.0 = Debug|Any CPU
		{E5698FD1-3C2D-44E6-9D27-7946F431D0B1}.Release|Any CPU.ActiveCfg = Release|Any CPU
		{E5698FD1-3C2D-44E6-9D27-7946F431D0B1}.Release|Any CPU.Build.0 = Release|Any CPU
		{F34D589D-F687-4FE0-A03A-751C63542FD4}.Debug|Any CPU.ActiveCfg = Debug|Any CPU
		{F34D589D-F687-4FE0-A03A-751C63542FD4}.Debug|Any CPU.Build.0 = Debug|Any CPU
		{F34D589D-F687-4FE0-A03A-751C63542FD4}.Release|Any CPU.ActiveCfg = Release|Any CPU
		{F34D589D-F687-4FE0-A03A-751C63542FD4}.Release|Any CPU.Build.0 = Release|Any CPU
		{3B70992C-5AE0-4DDA-9428-BD15A35066B6}.Debug|Any CPU.ActiveCfg = Debug|Any CPU
		{3B70992C-5AE0-4DDA-9428-BD15A35066B6}.Debug|Any CPU.Build.0 = Debug|Any CPU
		{3B70992C-5AE0-4DDA-9428-BD15A35066B6}.Release|Any CPU.ActiveCfg = Release|Any CPU
		{3B70992C-5AE0-4DDA-9428-BD15A35066B6}.Release|Any CPU.Build.0 = Release|Any CPU
		{7CD8C952-FBB3-463A-8CE6-A9A9219AD25F}.Debug|Any CPU.ActiveCfg = Debug|Any CPU
		{7CD8C952-FBB3-463A-8CE6-A9A9219AD25F}.Debug|Any CPU.Build.0 = Debug|Any CPU
		{7CD8C952-FBB3-463A-8CE6-A9A9219AD25F}.Release|Any CPU.ActiveCfg = Release|Any CPU
		{7CD8C952-FBB3-463A-8CE6-A9A9219AD25F}.Release|Any CPU.Build.0 = Release|Any CPU
		{EC55FCA2-E1B6-42EF-839E-BE74F5B51CE6}.Debug|Any CPU.ActiveCfg = Debug|Any CPU
		{EC55FCA2-E1B6-42EF-839E-BE74F5B51CE6}.Debug|Any CPU.Build.0 = Debug|Any CPU
		{EC55FCA2-E1B6-42EF-839E-BE74F5B51CE6}.Release|Any CPU.ActiveCfg = Release|Any CPU
		{EC55FCA2-E1B6-42EF-839E-BE74F5B51CE6}.Release|Any CPU.Build.0 = Release|Any CPU
		{606F433B-46E7-421B-BB13-C2029A40EFAB}.Debug|Any CPU.ActiveCfg = Debug|Any CPU
		{606F433B-46E7-421B-BB13-C2029A40EFAB}.Debug|Any CPU.Build.0 = Debug|Any CPU
		{606F433B-46E7-421B-BB13-C2029A40EFAB}.Release|Any CPU.ActiveCfg = Release|Any CPU
		{606F433B-46E7-421B-BB13-C2029A40EFAB}.Release|Any CPU.Build.0 = Release|Any CPU
		{7ECBE055-90D3-4003-9E81-9AB64297FD7A}.Debug|Any CPU.ActiveCfg = Debug|Any CPU
		{7ECBE055-90D3-4003-9E81-9AB64297FD7A}.Debug|Any CPU.Build.0 = Debug|Any CPU
		{7ECBE055-90D3-4003-9E81-9AB64297FD7A}.Release|Any CPU.ActiveCfg = Release|Any CPU
		{7ECBE055-90D3-4003-9E81-9AB64297FD7A}.Release|Any CPU.Build.0 = Release|Any CPU
		{0FC586B0-68F9-4BD5-B1B7-0E9B6145010D}.Debug|Any CPU.ActiveCfg = Debug|Any CPU
		{0FC586B0-68F9-4BD5-B1B7-0E9B6145010D}.Debug|Any CPU.Build.0 = Debug|Any CPU
		{0FC586B0-68F9-4BD5-B1B7-0E9B6145010D}.Release|Any CPU.ActiveCfg = Release|Any CPU
		{0FC586B0-68F9-4BD5-B1B7-0E9B6145010D}.Release|Any CPU.Build.0 = Release|Any CPU
		{47666621-CADC-4A47-AC18-4FAE49C6DCE1}.Debug|Any CPU.ActiveCfg = Debug|Any CPU
		{47666621-CADC-4A47-AC18-4FAE49C6DCE1}.Debug|Any CPU.Build.0 = Debug|Any CPU
		{47666621-CADC-4A47-AC18-4FAE49C6DCE1}.Release|Any CPU.ActiveCfg = Release|Any CPU
		{47666621-CADC-4A47-AC18-4FAE49C6DCE1}.Release|Any CPU.Build.0 = Release|Any CPU
		{6EFE3E91-358D-481A-BA2E-F89218971A1C}.Debug|Any CPU.ActiveCfg = Debug|Any CPU
		{6EFE3E91-358D-481A-BA2E-F89218971A1C}.Debug|Any CPU.Build.0 = Debug|Any CPU
		{6EFE3E91-358D-481A-BA2E-F89218971A1C}.Release|Any CPU.ActiveCfg = Release|Any CPU
		{6EFE3E91-358D-481A-BA2E-F89218971A1C}.Release|Any CPU.Build.0 = Release|Any CPU
		{ED359D9B-15D9-4AD0-A872-8707CA53BDFD}.Debug|Any CPU.ActiveCfg = Debug|Any CPU
		{ED359D9B-15D9-4AD0-A872-8707CA53BDFD}.Debug|Any CPU.Build.0 = Debug|Any CPU
		{ED359D9B-15D9-4AD0-A872-8707CA53BDFD}.Release|Any CPU.ActiveCfg = Release|Any CPU
		{ED359D9B-15D9-4AD0-A872-8707CA53BDFD}.Release|Any CPU.Build.0 = Release|Any CPU
		{5708222B-1984-4CC6-A52D-CD675B07A241}.Debug|Any CPU.ActiveCfg = Debug|Any CPU
		{5708222B-1984-4CC6-A52D-CD675B07A241}.Debug|Any CPU.Build.0 = Debug|Any CPU
		{5708222B-1984-4CC6-A52D-CD675B07A241}.Release|Any CPU.ActiveCfg = Release|Any CPU
		{5708222B-1984-4CC6-A52D-CD675B07A241}.Release|Any CPU.Build.0 = Release|Any CPU
		{79BA0702-FDEA-4948-8317-65AFFE54FCEF}.Debug|Any CPU.ActiveCfg = Debug|Any CPU
		{79BA0702-FDEA-4948-8317-65AFFE54FCEF}.Debug|Any CPU.Build.0 = Debug|Any CPU
		{79BA0702-FDEA-4948-8317-65AFFE54FCEF}.Release|Any CPU.ActiveCfg = Release|Any CPU
		{79BA0702-FDEA-4948-8317-65AFFE54FCEF}.Release|Any CPU.Build.0 = Release|Any CPU
	EndGlobalSection
	GlobalSection(SolutionProperties) = preSolution
		HideSolutionNode = FALSE
	EndGlobalSection
	GlobalSection(ExtensibilityGlobals) = postSolution
		SolutionGuid = {2D935B25-C195-413D-BE4D-A9567089A107}
	EndGlobalSection
EndGlobal
